PODS:
  - MGArchitecture (1.3.1):
    - RxCocoa (~> 4.5)
    - RxSwift (~> 4.5)
  - MJRefresh (3.2.3)
  - "NSObject+Rx (4.4.0)":
    - RxSwift (~> 4.3)
  - Reusable (4.1.0):
    - Reusable/Storyboard (= 4.1.0)
    - Reusable/View (= 4.1.0)
  - Reusable/Storyboard (4.1.0)
  - Reusable/View (4.1.0)
  - RxCocoa (4.5.0):
    - RxSwift (>= 4.4.2, ~> 4.4)
  - RxSwift (4.5.0)
  - Then (2.4.0)

DEPENDENCIES:
  - MGArchitecture (from `https://github.com/HoaPham98/MGArchitecture`, branch `hoapq`)
  - MJRefresh (~> 3.2)
  - "NSObject+Rx (= 4.4)"
  - Reusable (= 4.1.0)
  - Then (= 2.4)

SPEC REPOS:
  trunk:
    - MJRefresh
    - "NSObject+Rx"
    - Reusable
    - RxCocoa
    - RxSwift
    - Then

EXTERNAL SOURCES:
  MGArchitecture:
    :branch: hoapq
    :git: https://github.com/HoaPham98/MGArchitecture

CHECKOUT OPTIONS:
  MGArchitecture:
    :commit: e1420822506ea95959eb40ee05b69d79a356d8d9
    :git: https://github.com/HoaPham98/MGArchitecture

SPEC CHECKSUMS:
  MGArchitecture: 86fa3d91755ca7b3056a55628cc3c96ab58ce4f4
  MJRefresh: 2b1214a2dc8f4df4c5dcb028ea2ad4e245425fb7
  "NSObject+Rx": 3291262e7eddc434b6c98d1e85dedc4faa451ace
  Reusable: 82be188f29d96dc5eff0db7b2393bcc08d2cdd5b
  RxCocoa: cbf70265dc65a981d4ac982e513c10cf23df24a0
  RxSwift: f172070dfd1a93d70a9ab97a5a01166206e1c575
  Then: 71866660c7af35a7343831f7668e7cd2b62ee0f2

PODFILE CHECKSUM: 8b5e19b96f04a53e053cd88798263f92f339b528

COCOAPODS: 1.9.3
